
Microsoft Visual Studio Solution File, Format Version 12.00
# Visual Studio Version 17
VisualStudioVersion = 17.0.32014.148
MinimumVisualStudioVersion = 10.0.40219.1
Project("{FAE04EC0-301F-11D3-BF4B-00C04F79EFBC}") = "Customer_Case_System", "Customer_Case_System\Customer_Case_System.csproj", "{68FB9E41-734C-463F-80B9-3E0D26D5C7F4}"
EndProject
Global
	GlobalSection(SolutionConfigurationPlatforms) = preSolution
		Debug|Any CPU = Debug|Any CPU
		Release|Any CPU = Release|Any CPU
	EndGlobalSection
	GlobalSection(ProjectConfigurationPlatforms) = postSolution
		{68FB9E41-734C-463F-80B9-3E0D26D5C7F4}.Debug|Any CPU.ActiveCfg = Debug|Any CPU
		{68FB9E41-734C-463F-80B9-3E0D26D5C7F4}.Debug|Any CPU.Build.0 = Debug|Any CPU
		{68FB9E41-734C-463F-80B9-3E0D26D5C7F4}.Release|Any CPU.ActiveCfg = Release|Any CPU
		{68FB9E41-734C-463F-80B9-3E0D26D5C7F4}.Release|Any CPU.Build.0 = Release|Any CPU
	EndGlobalSection
	GlobalSection(SolutionProperties) = preSolution
		HideSolutionNode = FALSE
	EndGlobalSection
	GlobalSection(ExtensibilityGlobals) = postSolution
		SolutionGuid = {0BDBF91F-2F32-4F84-B427-4D47CD0751A4}
	EndGlobalSection
EndGlobal
